
Microsoft Visual Studio Solution File, Format Version 12.00
# Visual Studio Version 17
VisualStudioVersion = 17.8.34330.188
MinimumVisualStudioVersion = 10.0.40219.1
Project("{8BC9CEB8-8B4A-11D0-8D11-00A0C91BC942}") = "ConsoleApplication1", "ConsoleApplication1\ConsoleApplication1.vcxproj", "{11495B17-97E5-4525-8005-5D2AF44BE45A}"
EndProject
Global
	GlobalSection(SolutionConfigurationPlatforms) = preSolution
		Debug|x64 = Debug|x64
		Debug|x86 = Debug|x86
		Release|x64 = Release|x64
		Release|x86 = Release|x86
	EndGlobalSection
	GlobalSection(ProjectConfigurationPlatforms) = postSolution
		{11495B17-97E5-4525-8005-5D2AF44BE45A}.Debug|x64.ActiveCfg = Debug|x64
		{11495B17-97E5-4525-8005-5D2AF44BE45A}.Debug|x64.Build.0 = Debug|x64
		{11495B17-97E5-4525-8005-5D2AF44BE45A}.Debug|x86.ActiveCfg = Debug|Win32
		{11495B17-97E5-4525-8005-5D2AF44BE45A}.Debug|x86.Build.0 = Debug|Win32
		{11495B17-97E5-4525-8005-5D2AF44BE45A}.Release|x64.ActiveCfg = Release|x64
		{11495B17-97E5-4525-8005-5D2AF44BE45A}.Release|x64.Build.0 = Release|x64
		{11495B17-97E5-4525-8005-5D2AF44BE45A}.Release|x86.ActiveCfg = Release|Win32
		{11495B17-97E5-4525-8005-5D2AF44BE45A}.Release|x86.Build.0 = Release|Win32
	EndGlobalSection
	GlobalSection(SolutionProperties) = preSolution
		HideSolutionNode = FALSE
	EndGlobalSection
	GlobalSection(ExtensibilityGlobals) = postSolution
		SolutionGuid = {5D9C7630-B90C-48CA-BC14-3C1B62945958}
	EndGlobalSection
EndGlobal
